
Microsoft Visual Studio Solution File, Format Version 12.00
# Visual Studio Version 17
VisualStudioVersion = 17.8.34330.188
MinimumVisualStudioVersion = 10.0.40219.1
Project("{FAE04EC0-301F-11D3-BF4B-00C04F79EFBC}") = "BouraniZdi", "BouraniZdi\BouraniZdi.csproj", "{6406ADDD-FB91-4B1C-8A22-D3EDD1A0B439}"
EndProject
Global
	GlobalSection(SolutionConfigurationPlatforms) = preSolution
		Debug|Any CPU = Debug|Any CPU
		Release|Any CPU = Release|Any CPU
	EndGlobalSection
	GlobalSection(ProjectConfigurationPlatforms) = postSolution
		{6406ADDD-FB91-4B1C-8A22-D3EDD1A0B439}.Debug|Any CPU.ActiveCfg = Debug|Any CPU
		{6406ADDD-FB91-4B1C-8A22-D3EDD1A0B439}.Debug|Any CPU.Build.0 = Debug|Any CPU
		{6406ADDD-FB91-4B1C-8A22-D3EDD1A0B439}.Release|Any CPU.ActiveCfg = Release|Any CPU
		{6406ADDD-FB91-4B1C-8A22-D3EDD1A0B439}.Release|Any CPU.Build.0 = Release|Any CPU
	EndGlobalSection
	GlobalSection(SolutionProperties) = preSolution
		HideSolutionNode = FALSE
	EndGlobalSection
	GlobalSection(ExtensibilityGlobals) = postSolution
		SolutionGuid = {A7A668CC-5B39-4B99-A06D-8B7C7FC0A72D}
	EndGlobalSection
EndGlobal
